github.com/MichaelTJones/pcg v0.0.0-20180122055547-df440c6ed7ed h1:hQC4FSwvsLH6rOLJTndsHnANARF9RwW4PbrDTjks/0A=
github.com/MichaelTJones/pcg v0.0.0-20180122055547-df440c6ed7ed/go.mod h1:NQ4UMHqyfXyYVmZopcfwPRWJa0rw2aH16eDIltReVUo=
github.com/apenwarr/fixconsole v0.0.0-20191012055117-5a9f6489cc29 h1:muXWUcay7DDy1/hEQWrYlBy+g0EuwT70sBHg65SeUc4=
github.com/apenwarr/fixconsole v0.0.0-20191012055117-5a9f6489cc29/go.mod h1:JYWahgHer+Z2xbsgHPtaDYVWzeHDminu+YIBWkxpCAY=
github.com/apenwarr/w32 v0.0.0-20190407065021-aa00fece76ab h1:CMGzRRCjnD50RjUFSArBLuCxiDvdp7b8YPAcikBEQ+k=
github.com/apenwarr/w32 v0.0.0-20190407065021-aa00fece76ab/go.mod h1:nfFtvHn2Hgs9G1u0/J6LHQv//EksNC+7G8vXmd1VTJ8=
github.com/davecgh/go-spew v1.1.0/go.mod h1:J7Y8YcW2NihsgmVo/mv3lAwl/skON4iLHjSsI+c5H38=
github.com/davecgh/go-spew v1.1.1 h1:vj9j/u1bqnvCEfJOwUhtlOARqs3+rkHYY13jYWTU97c=
github.com/davecgh/go-spew v1.1.1/go.mod h1:J7Y8YcW2NihsgmVo/mv3lAwl/skON4iLHjSsI+c5H38=
github.com/go-gl/gl v0.0.0-20211210172815-726fda9656d6 h1:zDw5v7qm4yH7N8C8uWd+8Ii9rROdgWxQuGoJ9WDXxfk=
github.com/go-gl/gl v0.0.0-20211210172815-726fda9656d6/go.mod h1:9YTyiznxEY1fVinfM7RvRcjRHbw2xLBJ3AAGIT0I4Nw=
github.com/go-gl/glfw v0.0.0-20191125211704-12ad95a8df72 h1:LgLYrxDRSVv3kStk6louYTP1ekZ6t7HZY/X05KUyaeM=
github.com/go-gl/glfw v0.0.0-20191125211704-12ad95a8df72/go.mod h1:vR7hzQXu2zJy9AVAgeJqvqgH9Q5CA+iKCZ2gyEVpxRU=
github.com/go-gl/glfw/v3.3/glfw v0.0.0-20221017161538-93cebf72946b h1:GgabKamyOYguHqHjSkDACcgoPIz3w0Dis/zJ1wyHHHU=
github.com/go-gl/glfw/v3.3/glfw v0.0.0-20221017161538-93cebf72946b/go.mod h1:tQ2UAYgL5IevRw8kRxooKSPJfGvJ9fJQFa0TUsXzTg8=
github.com/go-ole/go-ole v1.2.6 h1:/Fpf6oFPoeFik9ty7siob0G6Ke8QvQEuVcuChpwXzpY=
github.com/go-ole/go-ole v1.2.6/go.mod h1:pprOEPIfldk/42T2oK7lQ4v4JSDwmV0As9GaiUsvbm0=
github.com/inkyblackness/imgui-go/v4 v4.5.0 h1:iUon7q0Hr0c0/Gc2V6bTP7Anu9WH7H26dI7JkPBmMEA=
github.com/inkyblackness/imgui-go/v4 v4.5.0/go.mod h1:g8SAGtOYUP7rYaOB2AsVKCEHmPMDmJKgt4z6d+flhb0=
github.com/klauspost/compress v1.15.9 h1:wKRjX6JRtDdrE9qwa4b/Cip7ACOshUI4smpCQanqjSY=
github.com/klauspost/compress v1.15.9/go.mod h1:PhcZ0MbTNciWF3rruxRgKxI5NkcHHrHUDtV4Yw2GlzU=
github.com/mmp/IconFontCppHeaders v0.0.0-20220907145128-86cc7607b455 h1:/AxzYVHalM40bYBEfmj+SntTcHrATJxpXSyZGsXIVz0=
github.com/mmp/IconFontCppHeaders v0.0.0-20220907145128-86cc7607b455/go.mod h1:MkS9NR03VwHgqjtFN3J7r/aprTsePJeH8u2gk6wKBOs=
github.com/mmp/imgui-go/v4 v4.0.0-20220911181801-968a517f674f h1:Cj9yfc52qDYTl5ITVEoPAAsjeHxxmnWeFvpx+AuaFtQ=
github.com/mmp/imgui-go/v4 v4.0.0-20220911181801-968a517f674f/go.mod h1:XU5HFLBjK2vENXeun5QefyBRtQhbjwdDvRXxG+Ifmnw=
github.com/nfnt/resize v0.0.0-20180221191011-83c6a9932646 h1:zYyBkD/k9seD2A7fsi6Oo2LfFZAehjjQMERAvZLEDnQ=
github.com/nfnt/resize v0.0.0-20180221191011-83c6a9932646/go.mod h1:jpp1/29i3P1S/RLdc7JQKbRpFeM1dOBd8T9ki5s+AY8=
github.com/pkg/browser v0.0.0-20210911075715-681adbf594b8 h1:KoWmjvw+nsYOo29YJK9vDA65RGE3NrOnUtO7a+RF9HU=
github.com/pkg/browser v0.0.0-20210911075715-681adbf594b8/go.mod h1:HKlIX3XHQyzLZPlr7++PzdhaXEj94dEiJgZDTsxEqUI=
github.com/pmezard/go-difflib v1.0.0 h1:4DBwDE0NGyQoBHbLQYPwSUPoCMWR5BEzIk/f1lZbAQM=
github.com/pmezard/go-difflib v1.0.0/go.mod h1:iKH77koFhYxTK1pcRnkKkqfTogsbg7gZNVY4sRDYZ/4=
github.com/shirou/gopsutil v3.21.11+incompatible h1:+1+c1VGhc88SSonWP6foOcLhvnKlUeu/erjjvaPEYiI=
github.com/shirou/gopsutil v3.21.11+incompatible/go.mod h1:5b4v6he4MtMOwMlS0TUMTu2PcXUg8+E1lC7eC3UO/RA=
github.com/stretchr/objx v0.1.0/go.mod h1:HFkY916IF+rwdDfMAkV7OtwuqBVzrE8GR6GFx+wExME=
github.com/stretchr/testify v1.3.0 h1:TivCn/peBQ7UY8ooIcPgZFpTNSz0Q2U6UrFlUfqbe0Q=
github.com/stretchr/testify v1.3.0/go.mod h1:M5WIy9Dh21IEIfnGCwXGc5bZfKNJtfHm1UVUgZn+9EI=
github.com/tklauser/go-sysconf v0.3.11 h1:89WgdJhk5SNwJfu+GKyYveZ4IaJ7xAkecBo+KdJV0CM=
github.com/tklauser/go-sysconf v0.3.11/go.mod h1:GqXfhXY3kiPa0nAXPDIQIWzJbMCB7AmcWpGR8lSZfqI=
github.com/tklauser/numcpus v0.6.0 h1:kebhY2Qt+3U6RNK7UqpYNA+tJ23IBEGKkB7JQBfDYms=
github.com/tklauser/numcpus v0.6.0/go.mod h1:FEZLMke0lhOUG6w2JadTzp0a+Nl8PF/GFkQ5UVIcaL4=
github.com/veandco/go-sdl2 v0.5.0-alpha.3.0.20220913133553-3c4862273074 h1:Py9mLMT1jWD4I+iDjTxWXSSTi2YAQcujsa2wUVSE5q8=
github.com/veandco/go-sdl2 v0.5.0-alpha.3.0.20220913133553-3c4862273074/go.mod h1:OROqMhHD43nT4/i9crJukyVecjPNYYuCofep6SNiAjY=
github.com/yusufpapurcu/wmi v1.2.3 h1:E1ctvB7uKFMOJw3fdOW32DwGE9I7t++CRUEMKvFoFiw=
github.com/yusufpapurcu/wmi v1.2.3/go.mod h1:SBZ9tNy3G9/m5Oi98Zks0QjeHVDvuK0qfxQmPyzfmi0=
golang.org/x/exp v0.0.0-20220909130031-43970299f5e2 h1:1/+Tk8SS26XeULKhgHZ68smwQ0x8X1JWW2kriJ/YiyQ=
golang.org/x/exp v0.0.0-20220909130031-43970299f5e2/go.mod h1:cyybsKvd6eL0RnXn6p/Grxp8F5bW7iYuBgsNCOHpMYE=
golang.org/x/exp v0.0.0-20221208152030-732eee02a75a h1:4iLhBPcpqFmylhnkbY3W0ONLUYYkDAW9xMFLfxgsvCw=
golang.org/x/exp v0.0.0-20221208152030-732eee02a75a/go.mod h1:CxIveKay+FTh1D0yPZemJVgC/95VzuuOLq5Qi4xnoYc=
golang.org/x/image v0.0.0-20190321063152-3fc05d484e9f h1:FO4MZ3N56GnxbqxGKqh+YTzUWQ2sDwtFQEZgLOxh9Jc=
golang.org/x/image v0.0.0-20190321063152-3fc05d484e9f/go.mod h1:kZ7UVZpmo3dzQBMxlp+ypCbDeSB+sBbTgSJuh5dn5js=
golang.org/x/sys v0.0.0-20190405154228-4b34438f7a67/go.mod h1:h1NjWce9XRLGQEsW7wpKNCjG9DtNlClVuFLEZdDNbEs=
golang.org/x/sys v0.0.0-20190916202348-b4ddaad3f8a3/go.mod h1:h1NjWce9XRLGQEsW7wpKNCjG9DtNlClVuFLEZdDNbEs=
golang.org/x/sys v0.0.0-20210616045830-e2b7044e8c71/go.mod h1:oPkhp1MJrh7nUepCBck5+mAzfO9JrbApNNgaTdGDITg=
golang.org/x/sys v0.0.0-20220722155257-8c9f86f7a55f h1:v4INt8xihDGvnrfjMDVXGxw9wrfxYyCjk0KbXjhR55s=
golang.org/x/sys v0.0.0-20220722155257-8c9f86f7a55f/go.mod h1:oPkhp1MJrh7nUepCBck5+mAzfO9JrbApNNgaTdGDITg=
golang.org/x/sys v0.1.0 h1:kunALQeHf1/185U1i0GOB/fy1IPRDDpuoOOqRReG57U=
golang.org/x/sys v0.1.0/go.mod h1:oPkhp1MJrh7nUepCBck5+mAzfO9JrbApNNgaTdGDITg=
golang.org/x/sys v0.2.0 h1:ljd4t30dBnAvMZaQCevtY0xLLD0A+bRZXbgLMLU1F/A=
golang.org/x/sys v0.2.0/go.mod h1:oPkhp1MJrh7nUepCBck5+mAzfO9JrbApNNgaTdGDITg=
golang.org/x/text v0.3.0/go.mod h1:NqM8EUOU14njkJ3fqMW+pc6Ldnwhi/IjpwHt7yyuwOQ=
